
Microsoft Visual Studio Solution File, Format Version 12.00
# Visual Studio Version 17
VisualStudioVersion = 17.5.33502.453
MinimumVisualStudioVersion = 10.0.40219.1
Project("{2150E333-8FDC-42A3-9474-1A3956D46DE8}") = "Internal", "Internal", "{9AED1C1B-FC87-4BDD-8182-89C7A39C6D62}"
	ProjectSection(SolutionItems) = preProject
		Internal\.editorconfig = Internal\.editorconfig
	EndProjectSection
EndProject
Project("{2150E333-8FDC-42A3-9474-1A3956D46DE8}") = "Scripts", "Scripts", "{A593EF2E-D3BA-4FD5-A21C-7A5C2E34C30C}"
EndProject
Project("{2150E333-8FDC-42A3-9474-1A3956D46DE8}") = "Dlls", "Dlls", "{6EC7EF71-6681-4F81-B0AF-8458A45A6409}"
	ProjectSection(SolutionItems) = preProject
		Dlls\ABOUT.md = Dlls\ABOUT.md
	EndProjectSection
EndProject
Project("{2150E333-8FDC-42A3-9474-1A3956D46DE8}") = "CompanionFiles", "CompanionFiles", "{BB303A88-04AE-4B1D-82CA-C91CB977ADC0}"
EndProject
Project("{2150E333-8FDC-42A3-9474-1A3956D46DE8}") = "Skyline DataMiner", "Skyline DataMiner", "{02FAF4D3-79F7-4CC5-B6E9-25C71B6AE3F8}"
	ProjectSection(SolutionItems) = preProject
		CompanionFiles\Skyline DataMiner\AboutThisFolder.md = CompanionFiles\Skyline DataMiner\AboutThisFolder.md
	EndProjectSection
EndProject
Project("{2150E333-8FDC-42A3-9474-1A3956D46DE8}") = "Documentation", "Documentation", "{9340E578-60C7-415E-A857-031B1B2C31BA}"
	ProjectSection(SolutionItems) = preProject
		Documentation\ABOUT.md = Documentation\ABOUT.md
		README.md = README.md
	EndProjectSection
EndProject
Project("{2150E333-8FDC-42A3-9474-1A3956D46DE8}") = "Tests", "Tests", "{F8938D60-51A0-4880-9CFC-19C66379BB5D}"
EndProject
Project("{2150E333-8FDC-42A3-9474-1A3956D46DE8}") = "Code Analysis", "Code Analysis", "{5F15B4E6-36DE-4CA5-A507-D3763F6E2894}"
	ProjectSection(SolutionItems) = preProject
		Internal\Code Analysis\qaction-debug.ruleset = Internal\Code Analysis\qaction-debug.ruleset
		Internal\Code Analysis\qaction-release.ruleset = Internal\Code Analysis\qaction-release.ruleset
		Internal\Code Analysis\stylecop.json = Internal\Code Analysis\stylecop.json
	EndProjectSection
EndProject
Project("{2150E333-8FDC-42A3-9474-1A3956D46DE8}") = "SESSA_SRM_PLS_Ateme_Kyrion_DR5000_IRD", "SESSA_SRM_PLS_Ateme_Kyrion_DR5000_IRD", "{43F5575A-11FD-4E33-BE2C-2A980EC030C1}"
	ProjectSection(SolutionItems) = preProject
		SESSA_SRM_PLS_Ateme_Kyrion_DR5000_IRD.xml = SESSA_SRM_PLS_Ateme_Kyrion_DR5000_IRD.xml
	EndProjectSection
EndProject
Project("{2150E333-8FDC-42A3-9474-1A3956D46DE8}") = "Actions", "Actions", "{9D9407A5-20BB-440C-9A38-0C7BCBDCCD59}"
EndProject
Project("{9A19103F-16F7-4668-BE54-9A1E7A4F7556}") = "SESSA_SRM_PLS_Ateme_Kyrion_DR5000.IRD_1", "SESSA_SRM_PLS_Ateme_Kyrion_DR5000_IRD_1\SESSA_SRM_PLS_Ateme_Kyrion_DR5000.IRD_1.csproj", "{615360B3-B797-4118-B3EC-1C1683CD8677}"
EndProject
Global
	GlobalSection(SolutionConfigurationPlatforms) = preSolution
		Debug|Any CPU = Debug|Any CPU
		Release|Any CPU = Release|Any CPU
	EndGlobalSection
	GlobalSection(ProjectConfigurationPlatforms) = postSolution
		{615360B3-B797-4118-B3EC-1C1683CD8677}.Debug|Any CPU.ActiveCfg = Debug|Any CPU
		{615360B3-B797-4118-B3EC-1C1683CD8677}.Debug|Any CPU.Build.0 = Debug|Any CPU
		{615360B3-B797-4118-B3EC-1C1683CD8677}.Release|Any CPU.ActiveCfg = Release|Any CPU
		{615360B3-B797-4118-B3EC-1C1683CD8677}.Release|Any CPU.Build.0 = Release|Any CPU
	EndGlobalSection
	GlobalSection(SolutionProperties) = preSolution
		HideSolutionNode = FALSE
	EndGlobalSection
	GlobalSection(NestedProjects) = preSolution
		{02FAF4D3-79F7-4CC5-B6E9-25C71B6AE3F8} = {BB303A88-04AE-4B1D-82CA-C91CB977ADC0}
		{5F15B4E6-36DE-4CA5-A507-D3763F6E2894} = {9AED1C1B-FC87-4BDD-8182-89C7A39C6D62}
		{43F5575A-11FD-4E33-BE2C-2A980EC030C1} = {A593EF2E-D3BA-4FD5-A21C-7A5C2E34C30C}
		{9D9407A5-20BB-440C-9A38-0C7BCBDCCD59} = {43F5575A-11FD-4E33-BE2C-2A980EC030C1}
		{615360B3-B797-4118-B3EC-1C1683CD8677} = {9D9407A5-20BB-440C-9A38-0C7BCBDCCD59}
	EndGlobalSection
	GlobalSection(ExtensibilityGlobals) = postSolution
		SolutionGuid = {1C613032-86C9-4D9E-9BD8-1DB30FBC55D0}
	EndGlobalSection
EndGlobal
